{
  "requires": true,
  "lockfileVersion": 1,
  "dependencies": {
    "esbuild": {
      "version": "0.8.34",
      "resolved": "http://npm.caicloud.xyz/esbuild/-/esbuild-0.8.34.tgz",
      "integrity": "sha1-FrSsWPdMgh0sWowvBYXKlqOKtOY=",
      "dev": true
    },
    "fsevents": {
      "version": "2.3.1",
      "resolved": "http://npm.caicloud.xyz/fsevents/-/fsevents-2.3.1.tgz",
      "integrity": "sha1-sgmrFMYQEmNsiGNQft9/tozFTp8=",
      "dev": true,
      "optional": true
    },
    "is-docker": {
      "version": "2.1.1",
      "resolved": "http://npm.caicloud.xyz/is-docker/-/is-docker-2.1.1.tgz",
      "integrity": "sha1-QSWojkTkUNOE4JBH7eca3C0UQVY=",
      "dev": true
    },
    "is-wsl": {
      "version": "2.2.0",
      "resolved": "http://npm.caicloud.xyz/is-wsl/-/is-wsl-2.2.0.tgz",
      "integrity": "sha1-dKTHbnfKn9P5MvKQwX6jJs0VcnE=",
      "dev": true,
      "requires": {
        "is-docker": "^2.0.0"
      }
    },
    "open": {
      "version": "7.3.1",
      "resolved": "http://npm.caicloud.xyz/open/-/open-7.3.1.tgz",
      "integrity": "sha1-EREZy5GcoazZiPSWhcT90PR1U1Y=",
      "dev": true,
      "requires": {
        "is-docker": "^2.0.0",
        "is-wsl": "^2.1.1"
      }
    },
    "rollup": {
      "version": "2.38.0",
      "resolved": "http://npm.caicloud.xyz/rollup/-/rollup-2.38.0.tgz",
      "integrity": "sha1-V5QtWhCCbLEu0fGcJh93TvpQLS0=",
      "dev": true,
      "requires": {
        "fsevents": "~2.1.2"
      },
      "dependencies": {
        "fsevents": {
          "version": "2.1.3",
          "resolved": "http://npm.caicloud.xyz/fsevents/-/fsevents-2.1.3.tgz",
          "integrity": "sha1-+3OHA66NL5/pAMM4Nt3r7ouX8j4=",
          "dev": true,
          "optional": true
        }
      }
    },
    "snowpack": {
      "version": "3.0.11",
      "resolved": "http://npm.caicloud.xyz/snowpack/-/snowpack-3.0.11.tgz",
      "integrity": "sha1-lfaflTZxFuOpu1ES0JDWMo8tOig=",
      "dev": true,
      "requires": {
        "esbuild": "^0.8.7",
        "fsevents": "^2.2.0",
        "open": "^7.0.4",
        "rollup": "^2.34.0"
      }
    }
  }
}
